version = 1
requires-python = ">=3.11"

[[package]]
name = "adafruit-blinka"
version = "8.47.0"
source = { registry = "https://pypi.org/simple" }
dependencies = [
    { name = "adafruit-circuitpython-typing" },
    { name = "adafruit-platformdetect" },
    { name = "adafruit-pureio" },
    { name = "binho-host-adapter" },
    { name = "pyftdi" },
    { name = "sysv-ipc", marker = "platform_machine != 'mips' and sys_platform == 'linux'" },
]
sdist = { url = "https://files.pythonhosted.org/packages/4a/30/84193a19683732387ec5f40661b589fcee29e0ab47c1e7dee36fb92efe9b/adafruit_blinka-8.47.0.tar.gz", hash = "sha256:436a856acc38bf9c5346db8c413ba2ada95e762f6aa97a7dbe238434ccbc8519", size = 245094 }
wheels = [
    { url = "https://files.pythonhosted.org/packages/78/4e/e8b8e81c345b7e3a3aa184faeb882188e859154aac7fcb7d0e1dda3c9edc/Adafruit_Blinka-8.47.0-py3-none-any.whl", hash = "sha256:86fb1f831196587b94c62eab1695e5b78a685f54e31c53d70b377a8bd86ac81d", size = 356058 },
]

[[package]]
name = "adafruit-circuitpython-busdevice"
version = "5.2.9"
source = { registry = "https://pypi.org/simple" }
dependencies = [
    { name = "adafruit-blinka" },
    { name = "adafruit-circuitpython-typing" },
]
sdist = { url = "https://files.pythonhosted.org/packages/a8/04/cf8d2ebfe0d171b7c8fe3425f1e2e80ed59738855d419e5486f5d2fa9145/adafruit_circuitpython_busdevice-5.2.9.tar.gz", hash = "sha256:9f9c3df385091410dac5961918e475ec88faed7ff543ad6d74208f08c2566513", size = 27607 }
wheels = [
    { url = "https://files.pythonhosted.org/packages/07/0d/6d730f9b0867437d701503792988abe663a09c7a3a5fcd98c19ce3c94681/adafruit_circuitpython_busdevice-5.2.9-py3-none-any.whl", hash = "sha256:78245c551eb3795a4f3739f1adac0b08a65c9fb0f722e866de620482cbbac51f", size = 7526 },
]

[[package]]
name = "adafruit-circuitpython-connectionmanager"
version = "3.1.1"
source = { registry = "https://pypi.org/simple" }
dependencies = [
    { name = "adafruit-blinka" },
]
sdist = { url = "https://files.pythonhosted.org/packages/21/8c/a7d5e38ae4b41c6a7c3aa9b3c9c8f742faed570acdcb48b634e2e1dde573/adafruit_circuitpython_connectionmanager-3.1.1.tar.gz", hash = "sha256:652bf7ec8a12f5a8b086b4d3540d56c53dc82915a6a08b0b8e46a1b82b0ad535", size = 37373 }
wheels = [
    { url = "https://files.pythonhosted.org/packages/94/99/1029d4a266530fe8bdabc7129ae2f91ca3dd25899cc21f6fa229413b0f7a/adafruit_circuitpython_connectionmanager-3.1.1-py3-none-any.whl", hash = "sha256:0b6df0f18c25208b59a007f7dcde58d8b147643738a1cd9ac03f3b1ac0129540", size = 7809 },
]

[[package]]
name = "adafruit-circuitpython-requests"
version = "4.1.6"
source = { registry = "https://pypi.org/simple" }
dependencies = [
    { name = "adafruit-blinka" },
    { name = "adafruit-circuitpython-connectionmanager" },
]
sdist = { url = "https://files.pythonhosted.org/packages/e4/ff/23d24a663c168e53ee22ee4648f2584164be05893677a469534ba2cc3553/adafruit_circuitpython_requests-4.1.6.tar.gz", hash = "sha256:faf9b8ce563763844126aefbddb2a7e4ea57e2edfeae589779df7d209c7dcd84", size = 65953 }
wheels = [
    { url = "https://files.pythonhosted.org/packages/a4/8d/1e8afddb340c235b44da6ff4a71efe04ec6f23e20af58fb01ce09aea2f0a/adafruit_circuitpython_requests-4.1.6-py3-none-any.whl", hash = "sha256:4a7435ecf13924c1143b3204e0695cf17c91e18010741a29088892d73feaafb6", size = 10456 },
]

[[package]]
name = "adafruit-circuitpython-trellis"
version = "1.3.19"
source = { registry = "https://pypi.org/simple" }
dependencies = [
    { name = "adafruit-blinka" },
    { name = "adafruit-circuitpython-busdevice" },
    { name = "typing-extensions" },
]
sdist = { url = "https://files.pythonhosted.org/packages/5d/d1/b8c965ad7cd63ef6a935aefc34acd07bbbf9e5ff4102228a58719010e193/adafruit-circuitpython-trellis-1.3.19.tar.gz", hash = "sha256:3810dd433d4b43d6a4ffaf6b6a138db6e3322f4326e762eccb564289f4c9ca52", size = 28253 }
wheels = [
    { url = "https://files.pythonhosted.org/packages/ea/de/9bb3bbd5853776596edcd45f42982e2caed7dd1aff561312b640fd7d4924/adafruit_circuitpython_trellis-1.3.19-py3-none-any.whl", hash = "sha256:d9ebfd38bc8f07fae29ac242eba81bb32a8fc4c836265d1e153ea13de8efe28e", size = 6801 },
]

[[package]]
name = "adafruit-circuitpython-typing"
version = "1.11.0"
source = { registry = "https://pypi.org/simple" }
dependencies = [
    { name = "adafruit-blinka" },
    { name = "adafruit-circuitpython-busdevice" },
    { name = "adafruit-circuitpython-requests" },
    { name = "typing-extensions" },
]
sdist = { url = "https://files.pythonhosted.org/packages/4a/31/e1414252d8dfd4ddaaa6b5ae11eab47bea20965d5059f6fae01ee6aac442/adafruit_circuitpython_typing-1.11.0.tar.gz", hash = "sha256:840b679aa966899496ff34ece5d7bee0c4bdec3102f41a086569c9788852324e", size = 29325 }
wheels = [
    { url = "https://files.pythonhosted.org/packages/a9/22/e69f534dea6dea9ddd71985cb09b850fa8ee989a4eb5d0f185e3f1955bb3/adafruit_circuitpython_typing-1.11.0-py3-none-any.whl", hash = "sha256:8855221f5cea28c6cc698d30ea748075c4bd170c42cf213fae09c80f24d8e4d9", size = 11098 },
]

[[package]]
name = "adafruit-platformdetect"
version = "3.74.0"
source = { registry = "https://pypi.org/simple" }
sdist = { url = "https://files.pythonhosted.org/packages/00/e7/89133ca6c6ecd726bfbdb9cd696a4c70b2421711023e3e8673bab22d47ef/adafruit_platformdetect-3.74.0.tar.gz", hash = "sha256:ad59adaa9563420a2f02c542bb7fa18209606bd2c93c64fccf3961c929a96daf", size = 47639 }
wheels = [
    { url = "https://files.pythonhosted.org/packages/af/33/db11ae92823c58020ea71fd6704d348d9016e2fa29e8f50eaf85c5bb6970/Adafruit_PlatformDetect-3.74.0-py3-none-any.whl", hash = "sha256:74f5f5c8b1fef283792f4158070ea34b2cb39d4b2a892128ed0f0445efc66621", size = 25164 },
]

[[package]]
name = "adafruit-pureio"
version = "1.1.11"
source = { registry = "https://pypi.org/simple" }
sdist = { url = "https://files.pythonhosted.org/packages/e5/b7/f1672435116822079bbdab42163f9e6424769b7db778873d95d18c085230/Adafruit_PureIO-1.1.11.tar.gz", hash = "sha256:c4cfbb365731942d1f1092a116f47dfdae0aef18c5b27f1072b5824ad5ea8c7c", size = 35511 }
wheels = [
    { url = "https://files.pythonhosted.org/packages/19/9d/28e9d12f36e13c5f2acba3098187b0e931290ecd1d8df924391b5ad2db19/Adafruit_PureIO-1.1.11-py3-none-any.whl", hash = "sha256:281ab2099372cc0decc26326918996cbf21b8eed694ec4764d51eefa029d324e", size = 10678 },
]

[[package]]
name = "binho-host-adapter"
version = "0.1.6"
source = { registry = "https://pypi.org/simple" }
dependencies = [
    { name = "pyserial" },
]
sdist = { url = "https://files.pythonhosted.org/packages/68/36/29b7b896e83e195fac6d64ccff95c0f24a18ee86e7437a22e60e0331d90a/binho-host-adapter-0.1.6.tar.gz", hash = "sha256:1e6da7a84e208c13b5f489066f05774bff1d593d0f5bf1ca149c2b8e83eae856", size = 10068 }
wheels = [
    { url = "https://files.pythonhosted.org/packages/7b/6b/0f13486003aea3eb349c2946b7ec9753e7558b78e35d22c938062a96959c/binho_host_adapter-0.1.6-py3-none-any.whl", hash = "sha256:f71ca176c1e2fc1a5dce128beb286da217555c6c7c805f2ed282a6f3507ec277", size = 10540 },
]

[[package]]
name = "lgpio"
version = "0.2.2.0"
source = { registry = "https://pypi.org/simple" }
sdist = { url = "https://files.pythonhosted.org/packages/56/33/26ec2e8049eaa2f077bf23a12dc61ca559fbfa7bea0516bf263d657ae275/lgpio-0.2.2.0.tar.gz", hash = "sha256:11372e653b200f76a0b3ef8a23a0735c85ec678a9f8550b9893151ed0f863fff", size = 90087 }
wheels = [
    { url = "https://files.pythonhosted.org/packages/78/4e/5721ae44b29e4fe9175f68c881694e3713066590739a7c87f8cee2835c25/lgpio-0.2.2.0-cp311-cp311-linux_armv7l.whl", hash = "sha256:5b3c403e1fba9c17d178f1bde102726c548fc5c4fc1ccf5ec3e18f3c08e07e04", size = 382992 },
    { url = "https://files.pythonhosted.org/packages/88/53/e57a22fe815fc68d0991655c1105b8ed872a68491d32e4e0e7d10ffb5c4d/lgpio-0.2.2.0-cp311-cp311-manylinux_2_34_aarch64.whl", hash = "sha256:a2f71fb95b149d8ac82c7c6bae70f054f6dc42a006ad35c90c7d8e54921fbcf4", size = 364848 },
    { url = "https://files.pythonhosted.org/packages/a4/71/11f4e3d76400e4ca43f9f9b014f5a86d9a265340c0bea45cce037277eb34/lgpio-0.2.2.0-cp311-cp311-manylinux_2_34_x86_64.whl", hash = "sha256:e9f4f3915abe5ae0ffdb4b96f485076d80a663876d839e2d3fd9218a71b9873e", size = 370183 },
    { url = "https://files.pythonhosted.org/packages/fe/73/e56c9afb845df53492d42bdea01df9895272bccfdd5128f34719c3a07990/lgpio-0.2.2.0-cp312-cp312-linux_armv7l.whl", hash = "sha256:6c65ac42e878764d04a71ed12fe6d46089b36e9e8127722bf29bb2e4bc91de22", size = 383956 },
    { url = "https://files.pythonhosted.org/packages/3b/1c/becd00f66d2c65feed9a668ff9d91732394cb6baba7bec505d55de0e30c9/lgpio-0.2.2.0-cp312-cp312-manylinux_2_34_aarch64.whl", hash = "sha256:d907db79292c721c605af08187385ddb3b7af09907e1ffca56cf0cd6558ace0a", size = 366058 },
    { url = "https://files.pythonhosted.org/packages/4c/7a/e3b4e5225c9792c4092b2cc07504746acbe62d0a8e4cb023bdf65f6430cf/lgpio-0.2.2.0-cp312-cp312-manylinux_2_34_x86_64.whl", hash = "sha256:2aadff092f642fcdada8457c158f87259dfda3a89ec19bae0b99ff22b34aac4b", size = 372103 },
]

[[package]]
name = "pyftdi"
version = "0.55.4"
source = { registry = "https://pypi.org/simple" }
dependencies = [
    { name = "pyserial" },
    { name = "pyusb" },
]
sdist = { url = "https://files.pythonhosted.org/packages/8f/b4/8578b8e4c1e69faa8297cb1e1fd0c86de03bb7eeb3e7cb63157e1e72abfb/pyftdi-0.55.4.tar.gz", hash = "sha256:cb2770b606507024a65e0a520bf892f239a36cec25cab45338ce3e3027de53c8", size = 137983 }
wheels = [
    { url = "https://files.pythonhosted.org/packages/03/ef/1d6dd88ec0a3e6741f0b1f7561b30d6715ecbf3bae7b2777e74439f3fff3/pyftdi-0.55.4-py3-none-any.whl", hash = "sha256:64a804ea1c652e6935897df7867dbba18910848cad0a4927ccdb06813c072c85", size = 145632 },
]

[[package]]
name = "pyserial"
version = "3.5"
source = { registry = "https://pypi.org/simple" }
sdist = { url = "https://files.pythonhosted.org/packages/1e/7d/ae3f0a63f41e4d2f6cb66a5b57197850f919f59e558159a4dd3a818f5082/pyserial-3.5.tar.gz", hash = "sha256:3c77e014170dfffbd816e6ffc205e9842efb10be9f58ec16d3e8675b4925cddb", size = 159125 }
wheels = [
    { url = "https://files.pythonhosted.org/packages/07/bc/587a445451b253b285629263eb51c2d8e9bcea4fc97826266d186f96f558/pyserial-3.5-py2.py3-none-any.whl", hash = "sha256:c4451db6ba391ca6ca299fb3ec7bae67a5c55dde170964c7a14ceefec02f2cf0", size = 90585 },
]

[[package]]
name = "pyusb"
version = "1.2.1"
source = { registry = "https://pypi.org/simple" }
sdist = { url = "https://files.pythonhosted.org/packages/d9/6e/433a5614132576289b8643fe598dd5d51b16e130fd591564be952e15bb45/pyusb-1.2.1.tar.gz", hash = "sha256:a4cc7404a203144754164b8b40994e2849fde1cfff06b08492f12fff9d9de7b9", size = 75292 }
wheels = [
    { url = "https://files.pythonhosted.org/packages/15/a8/4982498b2ab44d1fcd5c49f07ea3795eab01601dc143b009d333fcace3b9/pyusb-1.2.1-py3-none-any.whl", hash = "sha256:2b4c7cb86dbadf044dfb9d3a4ff69fd217013dbe78a792177a3feb172449ea36", size = 58439 },
]

[[package]]
name = "robot-orchestra-2024"
version = "0.1.0"
source = { virtual = "." }
dependencies = [
    { name = "adafruit-blinka" },
    { name = "adafruit-circuitpython-trellis" },
    { name = "rpi-lgpio" },
]

[package.metadata]
requires-dist = [
    { name = "adafruit-blinka", specifier = ">=8.47.0" },
    { name = "adafruit-circuitpython-trellis", specifier = ">=1.3.19" },
    { name = "rpi-lgpio", specifier = ">=0.6" },
]

[[package]]
name = "rpi-lgpio"
version = "0.6"
source = { registry = "https://pypi.org/simple" }
dependencies = [
    { name = "lgpio" },
]
sdist = { url = "https://files.pythonhosted.org/packages/6e/6d/7b6cb0def16abda6af89d16a3363d4036501bf042f9c67668aad3b34927f/rpi_lgpio-0.6.tar.gz", hash = "sha256:84579b11d543bb8abdddc1e10fcd6bdc2819e5897be72d6949a2b044d71fb73e", size = 12723 }
wheels = [
    { url = "https://files.pythonhosted.org/packages/da/a9/06b843528e47ded0dd276537e9c56e7aec7c841b3b2749274e7d8121dab5/rpi_lgpio-0.6-py3-none-any.whl", hash = "sha256:0930b6e0ffbfbeee9366fbfa5038d29a7606be96a5229d570b1f81be8f776777", size = 11880 },
]

[[package]]
name = "sysv-ipc"
version = "1.1.0"
source = { registry = "https://pypi.org/simple" }
sdist = { url = "https://files.pythonhosted.org/packages/0c/d7/5d2f861155e9749f981e6c58f2a482d3ab458bf8c35ae24d4b4d5899ebf9/sysv_ipc-1.1.0.tar.gz", hash = "sha256:0f063cbd36ec232032e425769ebc871f195a7d183b9af32f9901589ea7129ac3", size = 99448 }

[[package]]
name = "typing-extensions"
version = "4.12.2"
source = { registry = "https://pypi.org/simple" }
sdist = { url = "https://files.pythonhosted.org/packages/df/db/f35a00659bc03fec321ba8bce9420de607a1d37f8342eee1863174c69557/typing_extensions-4.12.2.tar.gz", hash = "sha256:1a7ead55c7e559dd4dee8856e3a88b41225abfe1ce8df57b7c13915fe121ffb8", size = 85321 }
wheels = [
    { url = "https://files.pythonhosted.org/packages/26/9f/ad63fc0248c5379346306f8668cda6e2e2e9c95e01216d2b8ffd9ff037d0/typing_extensions-4.12.2-py3-none-any.whl", hash = "sha256:04e5ca0351e0f3f85c6853954072df659d0d13fac324d0072316b67d7794700d", size = 37438 },
]
